// !$*UTF8*$!
{
	archiveVersion = 1;
	classes = {
	};
	objectVersion = 56;
	objects = {

/* Begin PBXBuildFile section */
		F554A1FC29A5C06B0002A2F3 /* AppDelegate.swift in Sources */ = {isa = PBXBuildFile; fileRef = F554A1FB29A5C06B0002A2F3 /* AppDelegate.swift */; };
		F554A20329A5C06B0002A2F3 /* Main.storyboard in Resources */ = {isa = PBXBuildFile; fileRef = F554A20129A5C06B0002A2F3 /* Main.storyboard */; };
		F554A20829A5C06C0002A2F3 /* Assets.xcassets in Resources */ = {isa = PBXBuildFile; fileRef = F554A20729A5C06C0002A2F3 /* Assets.xcassets */; };
		F554A20B29A5C06C0002A2F3 /* LaunchScreen.storyboard in Resources */ = {isa = PBXBuildFile; fileRef = F554A20929A5C06C0002A2F3 /* LaunchScreen.storyboard */; };
		F554A21329A5C3990002A2F3 /* UserListVC.swift in Sources */ = {isa = PBXBuildFile; fileRef = F554A21229A5C3990002A2F3 /* UserListVC.swift */; };
		F554A21529A5C3A50002A2F3 /* UserListViewModel.swift in Sources */ = {isa = PBXBuildFile; fileRef = F554A21429A5C3A50002A2F3 /* UserListViewModel.swift */; };
		F554A21829A5C4230002A2F3 /* APIURL.swift in Sources */ = {isa = PBXBuildFile; fileRef = F554A21729A5C4230002A2F3 /* APIURL.swift */; };
		F554A21C29A5C4640002A2F3 /* APIService.swift in Sources */ = {isa = PBXBuildFile; fileRef = F554A21B29A5C4640002A2F3 /* APIService.swift */; };
		F554A22329A5EF2A0002A2F3 /* UserListCell.swift in Sources */ = {isa = PBXBuildFile; fileRef = F554A22129A5EF2A0002A2F3 /* UserListCell.swift */; };
		F554A22429A5EF2A0002A2F3 /* UserListCell.xib in Resources */ = {isa = PBXBuildFile; fileRef = F554A22229A5EF2A0002A2F3 /* UserListCell.xib */; };
		F580E1E629A5FB5400A75410 /* ImageCache.swift in Sources */ = {isa = PBXBuildFile; fileRef = F580E1E529A5FB5400A75410 /* ImageCache.swift */; };
		F5B9126B29A733B5007DFDF4 /* CoreDataService.swift in Sources */ = {isa = PBXBuildFile; fileRef = F5B9126A29A733B5007DFDF4 /* CoreDataService.swift */; };
		F5B9126E29A73F32007DFDF4 /* UserList.xcdatamodeld in Sources */ = {isa = PBXBuildFile; fileRef = F5B9126C29A73F32007DFDF4 /* UserList.xcdatamodeld */; };
/* End PBXBuildFile section */

/* Begin PBXFileReference section */
		F554A1F829A5C06B0002A2F3 /* hywebr-exam.app */ = {isa = PBXFileReference; explicitFileType = wrapper.application; includeInIndex = 0; path = "hywebr-exam.app"; sourceTree = BUILT_PRODUCTS_DIR; };
		F554A1FB29A5C06B0002A2F3 /* AppDelegate.swift */ = {isa = PBXFileReference; lastKnownFileType = sourcecode.swift; path = AppDelegate.swift; sourceTree = "<group>"; };
		F554A20229A5C06B0002A2F3 /* Base */ = {isa = PBXFileReference; lastKnownFileType = file.storyboard; name = Base; path = Base.lproj/Main.storyboard; sourceTree = "<group>"; };
		F554A20729A5C06C0002A2F3 /* Assets.xcassets */ = {isa = PBXFileReference; lastKnownFileType = folder.assetcatalog; path = Assets.xcassets; sourceTree = "<group>"; };
		F554A20A29A5C06C0002A2F3 /* Base */ = {isa = PBXFileReference; lastKnownFileType = file.storyboard; name = Base; path = Base.lproj/LaunchScreen.storyboard; sourceTree = "<group>"; };
		F554A20C29A5C06C0002A2F3 /* Info.plist */ = {isa = PBXFileReference; lastKnownFileType = text.plist.xml; path = Info.plist; sourceTree = "<group>"; };
		F554A21229A5C3990002A2F3 /* UserListVC.swift */ = {isa = PBXFileReference; lastKnownFileType = sourcecode.swift; path = UserListVC.swift; sourceTree = "<group>"; };
		F554A21429A5C3A50002A2F3 /* UserListViewModel.swift */ = {isa = PBXFileReference; lastKnownFileType = sourcecode.swift; path = UserListViewModel.swift; sourceTree = "<group>"; };
		F554A21729A5C4230002A2F3 /* APIURL.swift */ = {isa = PBXFileReference; lastKnownFileType = sourcecode.swift; path = APIURL.swift; sourceTree = "<group>"; };
		F554A21B29A5C4640002A2F3 /* APIService.swift */ = {isa = PBXFileReference; lastKnownFileType = sourcecode.swift; path = APIService.swift; sourceTree = "<group>"; };
		F554A22129A5EF2A0002A2F3 /* UserListCell.swift */ = {isa = PBXFileReference; lastKnownFileType = sourcecode.swift; path = UserListCell.swift; sourceTree = "<group>"; };
		F554A22229A5EF2A0002A2F3 /* UserListCell.xib */ = {isa = PBXFileReference; lastKnownFileType = file.xib; path = UserListCell.xib; sourceTree = "<group>"; };
		F580E1E529A5FB5400A75410 /* ImageCache.swift */ = {isa = PBXFileReference; lastKnownFileType = sourcecode.swift; path = ImageCache.swift; sourceTree = "<group>"; };
		F5B9126A29A733B5007DFDF4 /* CoreDataService.swift */ = {isa = PBXFileReference; lastKnownFileType = sourcecode.swift; path = CoreDataService.swift; sourceTree = "<group>"; };
		F5B9126D29A73F32007DFDF4 /* UserList.xcdatamodel */ = {isa = PBXFileReference; lastKnownFileType = wrapper.xcdatamodel; path = UserList.xcdatamodel; sourceTree = "<group>"; };
/* End PBXFileReference section */

/* Begin PBXFrameworksBuildPhase section */
		F554A1F529A5C06B0002A2F3 /* Frameworks */ = {
			isa = PBXFrameworksBuildPhase;
			buildActionMask = 2147483647;
			files = (
			);
			runOnlyForDeploymentPostprocessing = 0;
		};
/* End PBXFrameworksBuildPhase section */

/* Begin PBXGroup section */
		F554A1EF29A5C06B0002A2F3 = {
			isa = PBXGroup;
			children = (
				F554A1FA29A5C06B0002A2F3 /* hywebr-exam */,
				F554A1F929A5C06B0002A2F3 /* Products */,
			);
			sourceTree = "<group>";
		};
		F554A1F929A5C06B0002A2F3 /* Products */ = {
			isa = PBXGroup;
			children = (
				F554A1F829A5C06B0002A2F3 /* hywebr-exam.app */,
			);
			name = Products;
			sourceTree = "<group>";
		};
		F554A1FA29A5C06B0002A2F3 /* hywebr-exam */ = {
			isa = PBXGroup;
			children = (
				F554A1FB29A5C06B0002A2F3 /* AppDelegate.swift */,
				F554A21629A5C4160002A2F3 /* API */,
				F580E1EE29A60F0100A75410 /* CoreData */,
				F5B9127629A75AC2007DFDF4 /* Utilities */,
				F554A20129A5C06B0002A2F3 /* Main.storyboard */,
				F580E1E429A5F50800A75410 /* UserList */,
				F554A20729A5C06C0002A2F3 /* Assets.xcassets */,
				F554A20929A5C06C0002A2F3 /* LaunchScreen.storyboard */,
				F554A20C29A5C06C0002A2F3 /* Info.plist */,
			);
			path = "hywebr-exam";
			sourceTree = "<group>";
		};
		F554A21629A5C4160002A2F3 /* API */ = {
			isa = PBXGroup;
			children = (
				F554A21729A5C4230002A2F3 /* APIURL.swift */,
				F554A21B29A5C4640002A2F3 /* APIService.swift */,
			);
			path = API;
			sourceTree = "<group>";
		};
		F580E1E429A5F50800A75410 /* UserList */ = {
			isa = PBXGroup;
			children = (
				F554A21229A5C3990002A2F3 /* UserListVC.swift */,
				F554A21429A5C3A50002A2F3 /* UserListViewModel.swift */,
				F554A22129A5EF2A0002A2F3 /* UserListCell.swift */,
				F554A22229A5EF2A0002A2F3 /* UserListCell.xib */,
			);
			path = UserList;
			sourceTree = "<group>";
		};
		F580E1EE29A60F0100A75410 /* CoreData */ = {
			isa = PBXGroup;
			children = (
				F5B9126A29A733B5007DFDF4 /* CoreDataService.swift */,
				F5B9126C29A73F32007DFDF4 /* UserList.xcdatamodeld */,
			);
			path = CoreData;
			sourceTree = "<group>";
		};
		F5B9127629A75AC2007DFDF4 /* Utilities */ = {
			isa = PBXGroup;
			children = (
				F580E1E529A5FB5400A75410 /* ImageCache.swift */,
			);
			path = Utilities;
			sourceTree = "<group>";
		};
/* End PBXGroup section */

/* Begin PBXNativeTarget section */
		F554A1F729A5C06B0002A2F3 /* hywebr-exam */ = {
			isa = PBXNativeTarget;
			buildConfigurationList = F554A20F29A5C06C0002A2F3 /* Build configuration list for PBXNativeTarget "hywebr-exam" */;
			buildPhases = (
				F554A1F429A5C06B0002A2F3 /* Sources */,
				F554A1F529A5C06B0002A2F3 /* Frameworks */,
				F554A1F629A5C06B0002A2F3 /* Resources */,
			);
			buildRules = (
			);
			dependencies = (
			);
			name = "hywebr-exam";
			productName = "hywebr-exam";
			productReference = F554A1F829A5C06B0002A2F3 /* hywebr-exam.app */;
			productType = "com.apple.product-type.application";
		};
/* End PBXNativeTarget section */

/* Begin PBXProject section */
		F554A1F029A5C06B0002A2F3 /* Project object */ = {
			isa = PBXProject;
			attributes = {
				BuildIndependentTargetsInParallel = 1;
				LastSwiftUpdateCheck = 1420;
				LastUpgradeCheck = 1420;
				TargetAttributes = {
					F554A1F729A5C06B0002A2F3 = {
						CreatedOnToolsVersion = 14.2;
					};
				};
			};
			buildConfigurationList = F554A1F329A5C06B0002A2F3 /* Build configuration list for PBXProject "hywebr-exam" */;
			compatibilityVersion = "Xcode 14.0";
			developmentRegion = en;
			hasScannedForEncodings = 0;
			knownRegions = (
				en,
				Base,
			);
			mainGroup = F554A1EF29A5C06B0002A2F3;
			productRefGroup = F554A1F929A5C06B0002A2F3 /* Products */;
			projectDirPath = "";
			projectRoot = "";
			targets = (
				F554A1F729A5C06B0002A2F3 /* hywebr-exam */,
			);
		};
/* End PBXProject section */

/* Begin PBXResourcesBuildPhase section */
		F554A1F629A5C06B0002A2F3 /* Resources */ = {
			isa = PBXResourcesBuildPhase;
			buildActionMask = 2147483647;
			files = (
				F554A22429A5EF2A0002A2F3 /* UserListCell.xib in Resources */,
				F554A20B29A5C06C0002A2F3 /* LaunchScreen.storyboard in Resources */,
				F554A20829A5C06C0002A2F3 /* Assets.xcassets in Resources */,
				F554A20329A5C06B0002A2F3 /* Main.storyboard in Resources */,
			);
			runOnlyForDeploymentPostprocessing = 0;
		};
/* End PBXResourcesBuildPhase section */

/* Begin PBXSourcesBuildPhase section */
		F554A1F429A5C06B0002A2F3 /* Sources */ = {
			isa = PBXSourcesBuildPhase;
			buildActionMask = 2147483647;
			files = (
				F554A22329A5EF2A0002A2F3 /* UserListCell.swift in Sources */,
				F554A21829A5C4230002A2F3 /* APIURL.swift in Sources */,
				F580E1E629A5FB5400A75410 /* ImageCache.swift in Sources */,
				F554A21C29A5C4640002A2F3 /* APIService.swift in Sources */,
				F554A21329A5C3990002A2F3 /* UserListVC.swift in Sources */,
				F5B9126E29A73F32007DFDF4 /* UserList.xcdatamodeld in Sources */,
				F5B9126B29A733B5007DFDF4 /* CoreDataService.swift in Sources */,
				F554A1FC29A5C06B0002A2F3 /* AppDelegate.swift in Sources */,
				F554A21529A5C3A50002A2F3 /* UserListViewModel.swift in Sources */,
			);
			runOnlyForDeploymentPostprocessing = 0;
		};
/* End PBXSourcesBuildPhase section */

/* Begin PBXVariantGroup section */
		F554A20129A5C06B0002A2F3 /* Main.storyboard */ = {
			isa = PBXVariantGroup;
			children = (
				F554A20229A5C06B0002A2F3 /* Base */,
			);
			name = Main.storyboard;
			sourceTree = "<group>";
		};
		F554A20929A5C06C0002A2F3 /* LaunchScreen.storyboard */ = {
			isa = PBXVariantGroup;
			children = (
				F554A20A29A5C06C0002A2F3 /* Base */,
			);
			name = LaunchScreen.storyboard;
			sourceTree = "<group>";
		};
/* End PBXVariantGroup section */

/* Begin XCBuildConfiguration section */
		F554A20D29A5C06C0002A2F3 /* Debug */ = {
			isa = XCBuildConfiguration;
			buildSettings = {
				ALWAYS_SEARCH_USER_PATHS = NO;
				CLANG_ANALYZER_NONNULL = YES;
				CLANG_ANALYZER_NUMBER_OBJECT_CONVERSION = YES_AGGRESSIVE;
				CLANG_CXX_LANGUAGE_STANDARD = "gnu++20";
				CLANG_ENABLE_MODULES = YES;
				CLANG_ENABLE_OBJC_ARC = YES;
				CLANG_ENABLE_OBJC_WEAK = YES;
				CLANG_WARN_BLOCK_CAPTURE_AUTORELEASING = YES;
				CLANG_WARN_BOOL_CONVERSION = YES;
				CLANG_WARN_COMMA = YES;
				CLANG_WARN_CONSTANT_CONVERSION = YES;
				CLANG_WARN_DEPRECATED_OBJC_IMPLEMENTATIONS = YES;
				CLANG_WARN_DIRECT_OBJC_ISA_USAGE = YES_ERROR;
				CLANG_WARN_DOCUMENTATION_COMMENTS = YES;
				CLANG_WARN_EMPTY_BODY = YES;
				CLANG_WARN_ENUM_CONVERSION = YES;
				CLANG_WARN_INFINITE_RECURSION = YES;
				CLANG_WARN_INT_CONVERSION = YES;
				CLANG_WARN_NON_LITERAL_NULL_CONVERSION = YES;
				CLANG_WARN_OBJC_IMPLICIT_RETAIN_SELF = YES;
				CLANG_WARN_OBJC_LITERAL_CONVERSION = YES;
				CLANG_WARN_OBJC_ROOT_CLASS = YES_ERROR;
				CLANG_WARN_QUOTED_INCLUDE_IN_FRAMEWORK_HEADER = YES;
				CLANG_WARN_RANGE_LOOP_ANALYSIS = YES;
				CLANG_WARN_STRICT_PROTOTYPES = YES;
				CLANG_WARN_SUSPICIOUS_MOVE = YES;
				CLANG_WARN_UNGUARDED_AVAILABILITY = YES_AGGRESSIVE;
				CLANG_WARN_UNREACHABLE_CODE = YES;
				CLANG_WARN__DUPLICATE_METHOD_MATCH = YES;
				COPY_PHASE_STRIP = NO;
				DEBUG_INFORMATION_FORMAT = dwarf;
				ENABLE_STRICT_OBJC_MSGSEND = YES;
				ENABLE_TESTABILITY = YES;
				GCC_C_LANGUAGE_STANDARD = gnu11;
				GCC_DYNAMIC_NO_PIC = NO;
				GCC_NO_COMMON_BLOCKS = YES;
				GCC_OPTIMIZATION_LEVEL = 0;
				GCC_PREPROCESSOR_DEFINITIONS = (
					"DEBUG=1",
					"$(inherited)",
				);
				GCC_WARN_64_TO_32_BIT_CONVERSION = YES;
				GCC_WARN_ABOUT_RETURN_TYPE = YES_ERROR;
				GCC_WARN_UNDECLARED_SELECTOR = YES;
				GCC_WARN_UNINITIALIZED_AUTOS = YES_AGGRESSIVE;
				GCC_WARN_UNUSED_FUNCTION = YES;
				GCC_WARN_UNUSED_VARIABLE = YES;
				IPHONEOS_DEPLOYMENT_TARGET = 16.2;
				MTL_ENABLE_DEBUG_INFO = INCLUDE_SOURCE;
				MTL_FAST_MATH = YES;
				ONLY_ACTIVE_ARCH = YES;
				SDKROOT = iphoneos;
				SWIFT_ACTIVE_COMPILATION_CONDITIONS = DEBUG;
				SWIFT_OPTIMIZATION_LEVEL = "-Onone";
			};
			name = Debug;
		};
		F554A20E29A5C06C0002A2F3 /* Release */ = {
			isa = XCBuildConfiguration;
			buildSettings = {
				ALWAYS_SEARCH_USER_PATHS = NO;
				CLANG_ANALYZER_NONNULL = YES;
				CLANG_ANALYZER_NUMBER_OBJECT_CONVERSION = YES_AGGRESSIVE;
				CLANG_CXX_LANGUAGE_STANDARD = "gnu++20";
				CLANG_ENABLE_MODULES = YES;
				CLANG_ENABLE_OBJC_ARC = YES;
				CLANG_ENABLE_OBJC_WEAK = YES;
				CLANG_WARN_BLOCK_CAPTURE_AUTORELEASING = YES;
				CLANG_WARN_BOOL_CONVERSION = YES;
				CLANG_WARN_COMMA = YES;
				CLANG_WARN_CONSTANT_CONVERSION = YES;
				CLANG_WARN_DEPRECATED_OBJC_IMPLEMENTATIONS = YES;
				CLANG_WARN_DIRECT_OBJC_ISA_USAGE = YES_ERROR;
				CLANG_WARN_DOCUMENTATION_COMMENTS = YES;
				CLANG_WARN_EMPTY_BODY = YES;
				CLANG_WARN_ENUM_CONVERSION = YES;
				CLANG_WARN_INFINITE_RECURSION = YES;
				CLANG_WARN_INT_CONVERSION = YES;
				CLANG_WARN_NON_LITERAL_NULL_CONVERSION = YES;
				CLANG_WARN_OBJC_IMPLICIT_RETAIN_SELF = YES;
				CLANG_WARN_OBJC_LITERAL_CONVERSION = YES;
				CLANG_WARN_OBJC_ROOT_CLASS = YES_ERROR;
				CLANG_WARN_QUOTED_INCLUDE_IN_FRAMEWORK_HEADER = YES;
				CLANG_WARN_RANGE_LOOP_ANALYSIS = YES;
				CLANG_WARN_STRICT_PROTOTYPES = YES;
				CLANG_WARN_SUSPICIOUS_MOVE = YES;
				CLANG_WARN_UNGUARDED_AVAILABILITY = YES_AGGRESSIVE;
				CLANG_WARN_UNREACHABLE_CODE = YES;
				CLANG_WARN__DUPLICATE_METHOD_MATCH = YES;
				COPY_PHASE_STRIP = NO;
				DEBUG_INFORMATION_FORMAT = "dwarf-with-dsym";
				ENABLE_NS_ASSERTIONS = NO;
				ENABLE_STRICT_OBJC_MSGSEND = YES;
				GCC_C_LANGUAGE_STANDARD = gnu11;
				GCC_NO_COMMON_BLOCKS = YES;
				GCC_WARN_64_TO_32_BIT_CONVERSION = YES;
				GCC_WARN_ABOUT_RETURN_TYPE = YES_ERROR;
				GCC_WARN_UNDECLARED_SELECTOR = YES;
				GCC_WARN_UNINITIALIZED_AUTOS = YES_AGGRESSIVE;
				GCC_WARN_UNUSED_FUNCTION = YES;
				GCC_WARN_UNUSED_VARIABLE = YES;
				IPHONEOS_DEPLOYMENT_TARGET = 16.2;
				MTL_ENABLE_DEBUG_INFO = NO;
				MTL_FAST_MATH = YES;
				SDKROOT = iphoneos;
				SWIFT_COMPILATION_MODE = wholemodule;
				SWIFT_OPTIMIZATION_LEVEL = "-O";
				VALIDATE_PRODUCT = YES;
			};
			name = Release;
		};
		F554A21029A5C06C0002A2F3 /* Debug */ = {
			isa = XCBuildConfiguration;
			buildSettings = {
				ASSETCATALOG_COMPILER_APPICON_NAME = AppIcon;
				ASSETCATALOG_COMPILER_GLOBAL_ACCENT_COLOR_NAME = AccentColor;
				CODE_SIGN_STYLE = Automatic;
				CURRENT_PROJECT_VERSION = 1;
				DEVELOPMENT_TEAM = 7U68BV33QV;
				GENERATE_INFOPLIST_FILE = YES;
				INFOPLIST_FILE = "hywebr-exam/Info.plist";
				INFOPLIST_KEY_UIApplicationSupportsIndirectInputEvents = YES;
				INFOPLIST_KEY_UILaunchStoryboardName = LaunchScreen.storyboard;
				INFOPLIST_KEY_UIMainStoryboardFile = Main;
				INFOPLIST_KEY_UISupportedInterfaceOrientations_iPad = "UIInterfaceOrientationPortrait UIInterfaceOrientationPortraitUpsideDown UIInterfaceOrientationLandscapeLeft UIInterfaceOrientationLandscapeRight";
				INFOPLIST_KEY_UISupportedInterfaceOrientations_iPhone = "UIInterfaceOrientationPortrait UIInterfaceOrientationLandscapeLeft UIInterfaceOrientationLandscapeRight";
				IPHONEOS_DEPLOYMENT_TARGET = 11.0;
				LD_RUNPATH_SEARCH_PATHS = (
					"$(inherited)",
					"@executable_path/Frameworks",
				);
				MARKETING_VERSION = 1.0;
				PRODUCT_BUNDLE_IDENTIFIER = "com.hywebr-exam";
				PRODUCT_NAME = "$(TARGET_NAME)";
				SUPPORTED_PLATFORMS = "iphoneos iphonesimulator";
				SUPPORTS_MACCATALYST = NO;
				SUPPORTS_MAC_DESIGNED_FOR_IPHONE_IPAD = NO;
				SWIFT_EMIT_LOC_STRINGS = YES;
				SWIFT_VERSION = 5.0;
				TARGETED_DEVICE_FAMILY = 1;
			};
			name = Debug;
		};
		F554A21129A5C06C0002A2F3 /* Release */ = {
			isa = XCBuildConfiguration;
			buildSettings = {
				ASSETCATALOG_COMPILER_APPICON_NAME = AppIcon;
				ASSETCATALOG_COMPILER_GLOBAL_ACCENT_COLOR_NAME = AccentColor;
				CODE_SIGN_STYLE = Automatic;
				CURRENT_PROJECT_VERSION = 1;
				DEVELOPMENT_TEAM = 7U68BV33QV;
				GENERATE_INFOPLIST_FILE = YES;
				INFOPLIST_FILE = "hywebr-exam/Info.plist";
				INFOPLIST_KEY_UIApplicationSupportsIndirectInputEvents = YES;
				INFOPLIST_KEY_UILaunchStoryboardName = LaunchScreen.storyboard;
				INFOPLIST_KEY_UIMainStoryboardFile = Main;
				INFOPLIST_KEY_UISupportedInterfaceOrientations_iPad = "UIInterfaceOrientationPortrait UIInterfaceOrientationPortraitUpsideDown UIInterfaceOrientationLandscapeLeft UIInterfaceOrientationLandscapeRight";
				INFOPLIST_KEY_UISupportedInterfaceOrientations_iPhone = "UIInterfaceOrientationPortrait UIInterfaceOrientationLandscapeLeft UIInterfaceOrientationLandscapeRight";
				IPHONEOS_DEPLOYMENT_TARGET = 11.0;
				LD_RUNPATH_SEARCH_PATHS = (
					"$(inherited)",
					"@executable_path/Frameworks",
				);
				MARKETING_VERSION = 1.0;
				PRODUCT_BUNDLE_IDENTIFIER = "com.hywebr-exam";
				PRODUCT_NAME = "$(TARGET_NAME)";
				SUPPORTED_PLATFORMS = "iphoneos iphonesimulator";
				SUPPORTS_MACCATALYST = NO;
				SUPPORTS_MAC_DESIGNED_FOR_IPHONE_IPAD = NO;
				SWIFT_EMIT_LOC_STRINGS = YES;
				SWIFT_VERSION = 5.0;
				TARGETED_DEVICE_FAMILY = 1;
			};
			name = Release;
		};
/* End XCBuildConfiguration section */

/* Begin XCConfigurationList section */
		F554A1F329A5C06B0002A2F3 /* Build configuration list for PBXProject "hywebr-exam" */ = {
			isa = XCConfigurationList;
			buildConfigurations = (
				F554A20D29A5C06C0002A2F3 /* Debug */,
				F554A20E29A5C06C0002A2F3 /* Release */,
			);
			defaultConfigurationIsVisible = 0;
			defaultConfigurationName = Release;
		};
		F554A20F29A5C06C0002A2F3 /* Build configuration list for PBXNativeTarget "hywebr-exam" */ = {
			isa = XCConfigurationList;
			buildConfigurations = (
				F554A21029A5C06C0002A2F3 /* Debug */,
				F554A21129A5C06C0002A2F3 /* Release */,
			);
			defaultConfigurationIsVisible = 0;
			defaultConfigurationName = Release;
		};
/* End XCConfigurationList section */

/* Begin XCVersionGroup section */
		F5B9126C29A73F32007DFDF4 /* UserList.xcdatamodeld */ = {
			isa = XCVersionGroup;
			children = (
				F5B9126D29A73F32007DFDF4 /* UserList.xcdatamodel */,
			);
			currentVersion = F5B9126D29A73F32007DFDF4 /* UserList.xcdatamodel */;
			path = UserList.xcdatamodeld;
			sourceTree = "<group>";
			versionGroupType = wrapper.xcdatamodel;
		};
/* End XCVersionGroup section */
	};
	rootObject = F554A1F029A5C06B0002A2F3 /* Project object */;
}
